
Microsoft Visual Studio Solution File, Format Version 12.00
# Visual Studio Version 16
VisualStudioVersion = 16.0.31829.152
MinimumVisualStudioVersion = 10.0.40219.1
Project("{FAE04EC0-301F-11D3-BF4B-00C04F79EFBC}") = "AES_Encryption", "AES_Encryption\AES_Encryption.csproj", "{C5CD9D64-D4DC-4AE5-9F27-9F90030DAEB0}"
EndProject
Global
	GlobalSection(SolutionConfigurationPlatforms) = preSolution
		Debug|Any CPU = Debug|Any CPU
		Release|Any CPU = Release|Any CPU
	EndGlobalSection
	GlobalSection(ProjectConfigurationPlatforms) = postSolution
		{C5CD9D64-D4DC-4AE5-9F27-9F90030DAEB0}.Debug|Any CPU.ActiveCfg = Debug|Any CPU
		{C5CD9D64-D4DC-4AE5-9F27-9F90030DAEB0}.Debug|Any CPU.Build.0 = Debug|Any CPU
		{C5CD9D64-D4DC-4AE5-9F27-9F90030DAEB0}.Release|Any CPU.ActiveCfg = Release|Any CPU
		{C5CD9D64-D4DC-4AE5-9F27-9F90030DAEB0}.Release|Any CPU.Build.0 = Release|Any CPU
	EndGlobalSection
	GlobalSection(SolutionProperties) = preSolution
		HideSolutionNode = FALSE
	EndGlobalSection
	GlobalSection(ExtensibilityGlobals) = postSolution
		SolutionGuid = {3DA57B52-501C-4ED0-860A-21DDABD695A0}
	EndGlobalSection
EndGlobal
